{
	"name": "@oari/ilp-identity-registry",
	"version": "1.0.0",
	"lockfileVersion": 3,
	"requires": true,
	"packages": {
		"": {
			"name": "@oari/ilp-identity-registry",
			"version": "1.0.0",
			"dependencies": {
				"@hono/node-server": "^1.19.12",
				"canonicalize": "^2.1.0",
				"chokidar": "^5.0.0",
				"hono": "^4.12.10"
			}
		},
		"node_modules/@hono/node-server": {
			"version": "1.19.12",
			"resolved": "https://registry.npmjs.org/@hono/node-server/-/node-server-1.19.12.tgz",
			"integrity": "sha512-txsUW4SQ1iilgE0l9/e9VQWmELXifEFvmdA1j6WFh/aFPj99hIntrSsq/if0UWyGVkmrRPKA1wCeP+UCr1B9Uw==",
			"license": "MIT",
			"engines": {
				"node": ">=18.14.1"
			},
			"peerDependencies": {
				"hono": "^4"
			}
		},
		"node_modules/canonicalize": {
			"version": "2.1.0",
			"resolved": "https://registry.npmjs.org/canonicalize/-/canonicalize-2.1.0.tgz",
			"integrity": "sha512-F705O3xrsUtgt98j7leetNhTWPe+5S72rlL5O4jA1pKqBVQ/dT1O1D6PFxmSXvc0SUOinWS57DKx0I3CHrXJHQ==",
			"license": "Apache-2.0",
			"bin": {
				"canonicalize": "bin/canonicalize.js"
			}
		},
		"node_modules/chokidar": {
			"version": "5.0.0",
			"resolved": "https://registry.npmjs.org/chokidar/-/chokidar-5.0.0.tgz",
			"integrity": "sha512-TQMmc3w+5AxjpL8iIiwebF73dRDF4fBIieAqGn9RGCWaEVwQ6Fb2cGe31Yns0RRIzii5goJ1Y7xbMwo1TxMplw==",
			"license": "MIT",
			"dependencies": {
				"readdirp": "^5.0.0"
			},
			"engines": {
				"node": ">= 20.19.0"
			},
			"funding": {
				"url": "https://paulmillr.com/funding/"
			}
		},
		"node_modules/hono": {
			"version": "4.12.10",
			"resolved": "https://registry.npmjs.org/hono/-/hono-4.12.10.tgz",
			"integrity": "sha512-mx/p18PLy5og9ufies2GOSUqep98Td9q4i/EF6X7yJgAiIopxqdfIO3jbqsi3jRgTgw88jMDEzVKi+V2EF+27w==",
			"license": "MIT",
			"peer": true,
			"engines": {
				"node": ">=16.9.0"
			}
		},
		"node_modules/readdirp": {
			"version": "5.0.0",
			"resolved": "https://registry.npmjs.org/readdirp/-/readdirp-5.0.0.tgz",
			"integrity": "sha512-9u/XQ1pvrQtYyMpZe7DXKv2p5CNvyVwzUB6uhLAnQwHMSgKMBR62lc7AHljaeteeHXn11XTAaLLUVZYVZyuRBQ==",
			"license": "MIT",
			"engines": {
				"node": ">= 20.19.0"
			},
			"funding": {
				"type": "individual",
				"url": "https://paulmillr.com/funding/"
			}
		}
	}
}
